
Microsoft Visual Studio Solution File, Format Version 12.00
# Visual Studio Version 16
VisualStudioVersion = 16.0.29920.165
MinimumVisualStudioVersion = 10.0.40219.1
Project("{9A19103F-16F7-4668-BE54-9A1E7A4F7556}") = "MS.Login", "MS.Login\MS.Login.csproj", "{B7DF2D3E-5AC3-49B3-B717-2C1BDA616AE3}"
EndProject
Project("{9A19103F-16F7-4668-BE54-9A1E7A4F7556}") = "MS.Products", "MS.Products\MS.Products.csproj", "{D132646D-0890-40CB-8C5C-268BE7040327}"
EndProject
Project("{9A19103F-16F7-4668-BE54-9A1E7A4F7556}") = "MS.Suppliers", "MS.Suppliers\MS.Suppliers.csproj", "{F3305F46-676F-49B8-81C1-91E7A2959A05}"
EndProject
Project("{FAE04EC0-301F-11D3-BF4B-00C04F79EFBC}") = "MS.Product.UnitTest", "MS.Product.UnitTest\MS.Product.UnitTest.csproj", "{6236460E-3F85-404F-AF81-EB73E20D15B2}"
EndProject
Project("{2150E333-8FDC-42A3-9474-1A3956D46DE8}") = "test", "test", "{104F6F7B-7A5D-43B8-8B45-C76E8FE049CE}"
EndProject
Project("{FAE04EC0-301F-11D3-BF4B-00C04F79EFBC}") = "MS.Login.UnitTest", "MS.Login.UnitTest\MS.Login.UnitTest.csproj", "{66084E9B-8956-4418-9F8C-707D93DFC96C}"
EndProject
Project("{FAE04EC0-301F-11D3-BF4B-00C04F79EFBC}") = "MS.ProductsWithoutArtifact", "MS.ProductsWithoutArtifact\MS.ProductsWithoutArtifact.csproj", "{D987E860-8787-473A-8E6A-63B3F07175DC}"
EndProject
Global
	GlobalSection(SolutionConfigurationPlatforms) = preSolution
		Debug|Any CPU = Debug|Any CPU
		Release|Any CPU = Release|Any CPU
	EndGlobalSection
	GlobalSection(ProjectConfigurationPlatforms) = postSolution
		{B7DF2D3E-5AC3-49B3-B717-2C1BDA616AE3}.Debug|Any CPU.ActiveCfg = Debug|Any CPU
		{B7DF2D3E-5AC3-49B3-B717-2C1BDA616AE3}.Debug|Any CPU.Build.0 = Debug|Any CPU
		{B7DF2D3E-5AC3-49B3-B717-2C1BDA616AE3}.Release|Any CPU.ActiveCfg = Release|Any CPU
		{B7DF2D3E-5AC3-49B3-B717-2C1BDA616AE3}.Release|Any CPU.Build.0 = Release|Any CPU
		{D132646D-0890-40CB-8C5C-268BE7040327}.Debug|Any CPU.ActiveCfg = Debug|Any CPU
		{D132646D-0890-40CB-8C5C-268BE7040327}.Debug|Any CPU.Build.0 = Debug|Any CPU
		{D132646D-0890-40CB-8C5C-268BE7040327}.Release|Any CPU.ActiveCfg = Release|Any CPU
		{D132646D-0890-40CB-8C5C-268BE7040327}.Release|Any CPU.Build.0 = Release|Any CPU
		{F3305F46-676F-49B8-81C1-91E7A2959A05}.Debug|Any CPU.ActiveCfg = Debug|Any CPU
		{F3305F46-676F-49B8-81C1-91E7A2959A05}.Debug|Any CPU.Build.0 = Debug|Any CPU
		{F3305F46-676F-49B8-81C1-91E7A2959A05}.Release|Any CPU.ActiveCfg = Release|Any CPU
		{F3305F46-676F-49B8-81C1-91E7A2959A05}.Release|Any CPU.Build.0 = Release|Any CPU
		{6236460E-3F85-404F-AF81-EB73E20D15B2}.Debug|Any CPU.ActiveCfg = Debug|Any CPU
		{6236460E-3F85-404F-AF81-EB73E20D15B2}.Debug|Any CPU.Build.0 = Debug|Any CPU
		{6236460E-3F85-404F-AF81-EB73E20D15B2}.Release|Any CPU.ActiveCfg = Release|Any CPU
		{6236460E-3F85-404F-AF81-EB73E20D15B2}.Release|Any CPU.Build.0 = Release|Any CPU
		{66084E9B-8956-4418-9F8C-707D93DFC96C}.Debug|Any CPU.ActiveCfg = Debug|Any CPU
		{66084E9B-8956-4418-9F8C-707D93DFC96C}.Debug|Any CPU.Build.0 = Debug|Any CPU
		{66084E9B-8956-4418-9F8C-707D93DFC96C}.Release|Any CPU.ActiveCfg = Release|Any CPU
		{66084E9B-8956-4418-9F8C-707D93DFC96C}.Release|Any CPU.Build.0 = Release|Any CPU
		{D987E860-8787-473A-8E6A-63B3F07175DC}.Debug|Any CPU.ActiveCfg = Debug|Any CPU
		{D987E860-8787-473A-8E6A-63B3F07175DC}.Debug|Any CPU.Build.0 = Debug|Any CPU
		{D987E860-8787-473A-8E6A-63B3F07175DC}.Release|Any CPU.ActiveCfg = Release|Any CPU
		{D987E860-8787-473A-8E6A-63B3F07175DC}.Release|Any CPU.Build.0 = Release|Any CPU
	EndGlobalSection
	GlobalSection(SolutionProperties) = preSolution
		HideSolutionNode = FALSE
	EndGlobalSection
	GlobalSection(NestedProjects) = preSolution
		{6236460E-3F85-404F-AF81-EB73E20D15B2} = {104F6F7B-7A5D-43B8-8B45-C76E8FE049CE}
		{66084E9B-8956-4418-9F8C-707D93DFC96C} = {104F6F7B-7A5D-43B8-8B45-C76E8FE049CE}
	EndGlobalSection
	GlobalSection(ExtensibilityGlobals) = postSolution
		SolutionGuid = {1FAA06B2-D085-4059-8CBA-6EF608C9BDF5}
	EndGlobalSection
EndGlobal
